
Microsoft Visual Studio Solution File, Format Version 12.00
# Visual Studio Version 17
VisualStudioVersion = 17.6.33723.286
MinimumVisualStudioVersion = 10.0.40219.1
Project("{FAE04EC0-301F-11D3-BF4B-00C04F79EFBC}") = "SignalRprojectSylvain", "SignalRprojectSylvain\SignalRprojectSylvain.csproj", "{63B929F3-98BC-4EFB-BB44-CAAD331BF849}"
EndProject
Global
	GlobalSection(SolutionConfigurationPlatforms) = preSolution
		Debug|Any CPU = Debug|Any CPU
		Release|Any CPU = Release|Any CPU
	EndGlobalSection
	GlobalSection(ProjectConfigurationPlatforms) = postSolution
		{63B929F3-98BC-4EFB-BB44-CAAD331BF849}.Debug|Any CPU.ActiveCfg = Debug|Any CPU
		{63B929F3-98BC-4EFB-BB44-CAAD331BF849}.Debug|Any CPU.Build.0 = Debug|Any CPU
		{63B929F3-98BC-4EFB-BB44-CAAD331BF849}.Release|Any CPU.ActiveCfg = Release|Any CPU
		{63B929F3-98BC-4EFB-BB44-CAAD331BF849}.Release|Any CPU.Build.0 = Release|Any CPU
	EndGlobalSection
	GlobalSection(SolutionProperties) = preSolution
		HideSolutionNode = FALSE
	EndGlobalSection
	GlobalSection(ExtensibilityGlobals) = postSolution
		SolutionGuid = {8EFF5668-347B-4ACE-911A-8A114C132ECD}
	EndGlobalSection
EndGlobal
